// !$*UTF8*$!
{
	archiveVersion = 1;
	classes = {
	};
	objectVersion = 46;
	objects = {

/* Begin PBXBuildFile section */
		728C781B1BA4680000A6628E /* main.m in Sources */ = {isa = PBXBuildFile; fileRef = 728C781A1BA4680000A6628E /* main.m */; };
		728C781E1BA4680000A6628E /* AppDelegate.m in Sources */ = {isa = PBXBuildFile; fileRef = 728C781D1BA4680000A6628E /* AppDelegate.m */; };
		728C78211BA4680000A6628E /* ViewController.m in Sources */ = {isa = PBXBuildFile; fileRef = 728C78201BA4680000A6628E /* ViewController.m */; };
		728C78241BA4680000A6628E /* Main.storyboard in Resources */ = {isa = PBXBuildFile; fileRef = 728C78221BA4680000A6628E /* Main.storyboard */; };
		728C78261BA4680000A6628E /* Images.xcassets in Resources */ = {isa = PBXBuildFile; fileRef = 728C78251BA4680000A6628E /* Images.xcassets */; };
		728C78291BA4680000A6628E /* LaunchScreen.xib in Resources */ = {isa = PBXBuildFile; fileRef = 728C78271BA4680000A6628E /* LaunchScreen.xib */; };
		728C78351BA4680000A6628E /* ObjectPropertyTestTests.m in Sources */ = {isa = PBXBuildFile; fileRef = 728C78341BA4680000A6628E /* ObjectPropertyTestTests.m */; };
		728C78431BA46AE400A6628E /* TestObject.m in Sources */ = {isa = PBXBuildFile; fileRef = 728C78421BA46AE400A6628E /* TestObject.m */; };
		728C78461BA46B5100A6628E /* TestObjectSubClass.m in Sources */ = {isa = PBXBuildFile; fileRef = 728C78451BA46B5100A6628E /* TestObjectSubClass.m */; };
		728C78491BA4732F00A6628E /* Sub_2_Class.m in Sources */ = {isa = PBXBuildFile; fileRef = 728C78481BA4732F00A6628E /* Sub_2_Class.m */; };
		728C784C1BA4733B00A6628E /* Sub_3_Class.m in Sources */ = {isa = PBXBuildFile; fileRef = 728C784B1BA4733B00A6628E /* Sub_3_Class.m */; };
		728C784F1BA4734A00A6628E /* Sub_4_Class.m in Sources */ = {isa = PBXBuildFile; fileRef = 728C784E1BA4734A00A6628E /* Sub_4_Class.m */; };
		728C78531BA53A4A00A6628E /* NSObject+AboutProperty.m in Sources */ = {isa = PBXBuildFile; fileRef = 728C78521BA53A4A00A6628E /* NSObject+AboutProperty.m */; };
		728C78561BA5B73200A6628E /* TestObject+TestAssociateObject.m in Sources */ = {isa = PBXBuildFile; fileRef = 728C78551BA5B73200A6628E /* TestObject+TestAssociateObject.m */; };
/* End PBXBuildFile section */

/* Begin PBXContainerItemProxy section */
		728C782F1BA4680000A6628E /* PBXContainerItemProxy */ = {
			isa = PBXContainerItemProxy;
			containerPortal = 728C780D1BA4680000A6628E /* Project object */;
			proxyType = 1;
			remoteGlobalIDString = 728C78141BA4680000A6628E;
			remoteInfo = ObjectPropertyTest;
		};
/* End PBXContainerItemProxy section */

/* Begin PBXFileReference section */
		728C78151BA4680000A6628E /* ObjectPropertyTest.app */ = {isa = PBXFileReference; explicitFileType = wrapper.application; includeInIndex = 0; path = ObjectPropertyTest.app; sourceTree = BUILT_PRODUCTS_DIR; };
		728C78191BA4680000A6628E /* Info.plist */ = {isa = PBXFileReference; lastKnownFileType = text.plist.xml; path = Info.plist; sourceTree = "<group>"; };
		728C781A1BA4680000A6628E /* main.m */ = {isa = PBXFileReference; lastKnownFileType = sourcecode.c.objc; path = main.m; sourceTree = "<group>"; };
		728C781C1BA4680000A6628E /* AppDelegate.h */ = {isa = PBXFileReference; lastKnownFileType = sourcecode.c.h; path = AppDelegate.h; sourceTree = "<group>"; };
		728C781D1BA4680000A6628E /* AppDelegate.m */ = {isa = PBXFileReference; lastKnownFileType = sourcecode.c.objc; path = AppDelegate.m; sourceTree = "<group>"; };
		728C781F1BA4680000A6628E /* ViewController.h */ = {isa = PBXFileReference; lastKnownFileType = sourcecode.c.h; path = ViewController.h; sourceTree = "<group>"; };
		728C78201BA4680000A6628E /* ViewController.m */ = {isa = PBXFileReference; lastKnownFileType = sourcecode.c.objc; path = ViewController.m; sourceTree = "<group>"; };
		728C78231BA4680000A6628E /* Base */ = {isa = PBXFileReference; lastKnownFileType = file.storyboard; name = Base; path = Base.lproj/Main.storyboard; sourceTree = "<group>"; };
		728C78251BA4680000A6628E /* Images.xcassets */ = {isa = PBXFileReference; lastKnownFileType = folder.assetcatalog; path = Images.xcassets; sourceTree = "<group>"; };
		728C78281BA4680000A6628E /* Base */ = {isa = PBXFileReference; lastKnownFileType = file.xib; name = Base; path = Base.lproj/LaunchScreen.xib; sourceTree = "<group>"; };
		728C782E1BA4680000A6628E /* ObjectPropertyTestTests.xctest */ = {isa = PBXFileReference; explicitFileType = wrapper.cfbundle; includeInIndex = 0; path = ObjectPropertyTestTests.xctest; sourceTree = BUILT_PRODUCTS_DIR; };
		728C78331BA4680000A6628E /* Info.plist */ = {isa = PBXFileReference; lastKnownFileType = text.plist.xml; path = Info.plist; sourceTree = "<group>"; };
		728C78341BA4680000A6628E /* ObjectPropertyTestTests.m */ = {isa = PBXFileReference; lastKnownFileType = sourcecode.c.objc; path = ObjectPropertyTestTests.m; sourceTree = "<group>"; };
		728C78411BA46AE400A6628E /* TestObject.h */ = {isa = PBXFileReference; fileEncoding = 4; lastKnownFileType = sourcecode.c.h; path = TestObject.h; sourceTree = "<group>"; };
		728C78421BA46AE400A6628E /* TestObject.m */ = {isa = PBXFileReference; fileEncoding = 4; lastKnownFileType = sourcecode.c.objc; path = TestObject.m; sourceTree = "<group>"; };
		728C78441BA46B5100A6628E /* TestObjectSubClass.h */ = {isa = PBXFileReference; fileEncoding = 4; lastKnownFileType = sourcecode.c.h; path = TestObjectSubClass.h; sourceTree = "<group>"; };
		728C78451BA46B5100A6628E /* TestObjectSubClass.m */ = {isa = PBXFileReference; fileEncoding = 4; lastKnownFileType = sourcecode.c.objc; path = TestObjectSubClass.m; sourceTree = "<group>"; };
		728C78471BA4732F00A6628E /* Sub_2_Class.h */ = {isa = PBXFileReference; fileEncoding = 4; lastKnownFileType = sourcecode.c.h; path = Sub_2_Class.h; sourceTree = "<group>"; };
		728C78481BA4732F00A6628E /* Sub_2_Class.m */ = {isa = PBXFileReference; fileEncoding = 4; lastKnownFileType = sourcecode.c.objc; path = Sub_2_Class.m; sourceTree = "<group>"; };
		728C784A1BA4733B00A6628E /* Sub_3_Class.h */ = {isa = PBXFileReference; fileEncoding = 4; lastKnownFileType = sourcecode.c.h; path = Sub_3_Class.h; sourceTree = "<group>"; };
		728C784B1BA4733B00A6628E /* Sub_3_Class.m */ = {isa = PBXFileReference; fileEncoding = 4; lastKnownFileType = sourcecode.c.objc; path = Sub_3_Class.m; sourceTree = "<group>"; };
		728C784D1BA4734A00A6628E /* Sub_4_Class.h */ = {isa = PBXFileReference; fileEncoding = 4; lastKnownFileType = sourcecode.c.h; path = Sub_4_Class.h; sourceTree = "<group>"; };
		728C784E1BA4734A00A6628E /* Sub_4_Class.m */ = {isa = PBXFileReference; fileEncoding = 4; lastKnownFileType = sourcecode.c.objc; path = Sub_4_Class.m; sourceTree = "<group>"; };
		728C78511BA53A4A00A6628E /* NSObject+AboutProperty.h */ = {isa = PBXFileReference; fileEncoding = 4; lastKnownFileType = sourcecode.c.h; path = "NSObject+AboutProperty.h"; sourceTree = "<group>"; };
		728C78521BA53A4A00A6628E /* NSObject+AboutProperty.m */ = {isa = PBXFileReference; fileEncoding = 4; lastKnownFileType = sourcecode.c.objc; path = "NSObject+AboutProperty.m"; sourceTree = "<group>"; };
		728C78541BA5B73200A6628E /* TestObject+TestAssociateObject.h */ = {isa = PBXFileReference; fileEncoding = 4; lastKnownFileType = sourcecode.c.h; path = "TestObject+TestAssociateObject.h"; sourceTree = "<group>"; };
		728C78551BA5B73200A6628E /* TestObject+TestAssociateObject.m */ = {isa = PBXFileReference; fileEncoding = 4; lastKnownFileType = sourcecode.c.objc; path = "TestObject+TestAssociateObject.m"; sourceTree = "<group>"; };
/* End PBXFileReference section */

/* Begin PBXFrameworksBuildPhase section */
		728C78121BA4680000A6628E /* Frameworks */ = {
			isa = PBXFrameworksBuildPhase;
			buildActionMask = 2147483647;
			files = (
			);
			runOnlyForDeploymentPostprocessing = 0;
		};
		728C782B1BA4680000A6628E /* Frameworks */ = {
			isa = PBXFrameworksBuildPhase;
			buildActionMask = 2147483647;
			files = (
			);
			runOnlyForDeploymentPostprocessing = 0;
		};
/* End PBXFrameworksBuildPhase section */

/* Begin PBXGroup section */
		728C780C1BA4680000A6628E = {
			isa = PBXGroup;
			children = (
				728C78171BA4680000A6628E /* ObjectPropertyTest */,
				728C78311BA4680000A6628E /* ObjectPropertyTestTests */,
				728C78161BA4680000A6628E /* Products */,
			);
			sourceTree = "<group>";
		};
		728C78161BA4680000A6628E /* Products */ = {
			isa = PBXGroup;
			children = (
				728C78151BA4680000A6628E /* ObjectPropertyTest.app */,
				728C782E1BA4680000A6628E /* ObjectPropertyTestTests.xctest */,
			);
			name = Products;
			sourceTree = "<group>";
		};
		728C78171BA4680000A6628E /* ObjectPropertyTest */ = {
			isa = PBXGroup;
			children = (
				728C78501BA53A4A00A6628E /* NSObject+AboutProperty */,
				728C781C1BA4680000A6628E /* AppDelegate.h */,
				728C781D1BA4680000A6628E /* AppDelegate.m */,
				728C781F1BA4680000A6628E /* ViewController.h */,
				728C78201BA4680000A6628E /* ViewController.m */,
				728C78541BA5B73200A6628E /* TestObject+TestAssociateObject.h */,
				728C78551BA5B73200A6628E /* TestObject+TestAssociateObject.m */,
				728C78411BA46AE400A6628E /* TestObject.h */,
				728C78421BA46AE400A6628E /* TestObject.m */,
				728C78441BA46B5100A6628E /* TestObjectSubClass.h */,
				728C78451BA46B5100A6628E /* TestObjectSubClass.m */,
				728C78471BA4732F00A6628E /* Sub_2_Class.h */,
				728C78481BA4732F00A6628E /* Sub_2_Class.m */,
				728C784A1BA4733B00A6628E /* Sub_3_Class.h */,
				728C784B1BA4733B00A6628E /* Sub_3_Class.m */,
				728C784D1BA4734A00A6628E /* Sub_4_Class.h */,
				728C784E1BA4734A00A6628E /* Sub_4_Class.m */,
				728C78221BA4680000A6628E /* Main.storyboard */,
				728C78251BA4680000A6628E /* Images.xcassets */,
				728C78271BA4680000A6628E /* LaunchScreen.xib */,
				728C78181BA4680000A6628E /* Supporting Files */,
			);
			path = ObjectPropertyTest;
			sourceTree = "<group>";
		};
		728C78181BA4680000A6628E /* Supporting Files */ = {
			isa = PBXGroup;
			children = (
				728C78191BA4680000A6628E /* Info.plist */,
				728C781A1BA4680000A6628E /* main.m */,
			);
			name = "Supporting Files";
			sourceTree = "<group>";
		};
		728C78311BA4680000A6628E /* ObjectPropertyTestTests */ = {
			isa = PBXGroup;
			children = (
				728C78341BA4680000A6628E /* ObjectPropertyTestTests.m */,
				728C78321BA4680000A6628E /* Supporting Files */,
			);
			path = ObjectPropertyTestTests;
			sourceTree = "<group>";
		};
		728C78321BA4680000A6628E /* Supporting Files */ = {
			isa = PBXGroup;
			children = (
				728C78331BA4680000A6628E /* Info.plist */,
			);
			name = "Supporting Files";
			sourceTree = "<group>";
		};
		728C78501BA53A4A00A6628E /* NSObject+AboutProperty */ = {
			isa = PBXGroup;
			children = (
				728C78511BA53A4A00A6628E /* NSObject+AboutProperty.h */,
				728C78521BA53A4A00A6628E /* NSObject+AboutProperty.m */,
			);
			path = "NSObject+AboutProperty";
			sourceTree = "<group>";
		};
/* End PBXGroup section */

/* Begin PBXNativeTarget section */
		728C78141BA4680000A6628E /* ObjectPropertyTest */ = {
			isa = PBXNativeTarget;
			buildConfigurationList = 728C78381BA4680000A6628E /* Build configuration list for PBXNativeTarget "ObjectPropertyTest" */;
			buildPhases = (
				728C78111BA4680000A6628E /* Sources */,
				728C78121BA4680000A6628E /* Frameworks */,
				728C78131BA4680000A6628E /* Resources */,
			);
			buildRules = (
			);
			dependencies = (
			);
			name = ObjectPropertyTest;
			productName = ObjectPropertyTest;
			productReference = 728C78151BA4680000A6628E /* ObjectPropertyTest.app */;
			productType = "com.apple.product-type.application";
		};
		728C782D1BA4680000A6628E /* ObjectPropertyTestTests */ = {
			isa = PBXNativeTarget;
			buildConfigurationList = 728C783B1BA4680000A6628E /* Build configuration list for PBXNativeTarget "ObjectPropertyTestTests" */;
			buildPhases = (
				728C782A1BA4680000A6628E /* Sources */,
				728C782B1BA4680000A6628E /* Frameworks */,
				728C782C1BA4680000A6628E /* Resources */,
			);
			buildRules = (
			);
			dependencies = (
				728C78301BA4680000A6628E /* PBXTargetDependency */,
			);
			name = ObjectPropertyTestTests;
			productName = ObjectPropertyTestTests;
			productReference = 728C782E1BA4680000A6628E /* ObjectPropertyTestTests.xctest */;
			productType = "com.apple.product-type.bundle.unit-test";
		};
/* End PBXNativeTarget section */

/* Begin PBXProject section */
		728C780D1BA4680000A6628E /* Project object */ = {
			isa = PBXProject;
			attributes = {
				LastUpgradeCheck = 0640;
				ORGANIZATIONNAME = ljw;
				TargetAttributes = {
					728C78141BA4680000A6628E = {
						CreatedOnToolsVersion = 6.4;
					};
					728C782D1BA4680000A6628E = {
						CreatedOnToolsVersion = 6.4;
						TestTargetID = 728C78141BA4680000A6628E;
					};
				};
			};
			buildConfigurationList = 728C78101BA4680000A6628E /* Build configuration list for PBXProject "ObjectPropertyTest" */;
			compatibilityVersion = "Xcode 3.2";
			developmentRegion = English;
			hasScannedForEncodings = 0;
			knownRegions = (
				en,
				Base,
			);
			mainGroup = 728C780C1BA4680000A6628E;
			productRefGroup = 728C78161BA4680000A6628E /* Products */;
			projectDirPath = "";
			projectRoot = "";
			targets = (
				728C78141BA4680000A6628E /* ObjectPropertyTest */,
				728C782D1BA4680000A6628E /* ObjectPropertyTestTests */,
			);
		};
/* End PBXProject section */

/* Begin PBXResourcesBuildPhase section */
		728C78131BA4680000A6628E /* Resources */ = {
			isa = PBXResourcesBuildPhase;
			buildActionMask = 2147483647;
			files = (
				728C78241BA4680000A6628E /* Main.storyboard in Resources */,
				728C78291BA4680000A6628E /* LaunchScreen.xib in Resources */,
				728C78261BA4680000A6628E /* Images.xcassets in Resources */,
			);
			runOnlyForDeploymentPostprocessing = 0;
		};
		728C782C1BA4680000A6628E /* Resources */ = {
			isa = PBXResourcesBuildPhase;
			buildActionMask = 2147483647;
			files = (
			);
			runOnlyForDeploymentPostprocessing = 0;
		};
/* End PBXResourcesBuildPhase section */

/* Begin PBXSourcesBuildPhase section */
		728C78111BA4680000A6628E /* Sources */ = {
			isa = PBXSourcesBuildPhase;
			buildActionMask = 2147483647;
			files = (
				728C78211BA4680000A6628E /* ViewController.m in Sources */,
				728C78561BA5B73200A6628E /* TestObject+TestAssociateObject.m in Sources */,
				728C784C1BA4733B00A6628E /* Sub_3_Class.m in Sources */,
				728C781E1BA4680000A6628E /* AppDelegate.m in Sources */,
				728C78431BA46AE400A6628E /* TestObject.m in Sources */,
				728C78461BA46B5100A6628E /* TestObjectSubClass.m in Sources */,
				728C781B1BA4680000A6628E /* main.m in Sources */,
				728C784F1BA4734A00A6628E /* Sub_4_Class.m in Sources */,
				728C78531BA53A4A00A6628E /* NSObject+AboutProperty.m in Sources */,
				728C78491BA4732F00A6628E /* Sub_2_Class.m in Sources */,
			);
			runOnlyForDeploymentPostprocessing = 0;
		};
		728C782A1BA4680000A6628E /* Sources */ = {
			isa = PBXSourcesBuildPhase;
			buildActionMask = 2147483647;
			files = (
				728C78351BA4680000A6628E /* ObjectPropertyTestTests.m in Sources */,
			);
			runOnlyForDeploymentPostprocessing = 0;
		};
/* End PBXSourcesBuildPhase section */

/* Begin PBXTargetDependency section */
		728C78301BA4680000A6628E /* PBXTargetDependency */ = {
			isa = PBXTargetDependency;
			target = 728C78141BA4680000A6628E /* ObjectPropertyTest */;
			targetProxy = 728C782F1BA4680000A6628E /* PBXContainerItemProxy */;
		};
/* End PBXTargetDependency section */

/* Begin PBXVariantGroup section */
		728C78221BA4680000A6628E /* Main.storyboard */ = {
			isa = PBXVariantGroup;
			children = (
				728C78231BA4680000A6628E /* Base */,
			);
			name = Main.storyboard;
			sourceTree = "<group>";
		};
		728C78271BA4680000A6628E /* LaunchScreen.xib */ = {
			isa = PBXVariantGroup;
			children = (
				728C78281BA4680000A6628E /* Base */,
			);
			name = LaunchScreen.xib;
			sourceTree = "<group>";
		};
/* End PBXVariantGroup section */

/* Begin XCBuildConfiguration section */
		728C78361BA4680000A6628E /* Debug */ = {
			isa = XCBuildConfiguration;
			buildSettings = {
				ALWAYS_SEARCH_USER_PATHS = NO;
				CLANG_CXX_LANGUAGE_STANDARD = "gnu++0x";
				CLANG_CXX_LIBRARY = "libc++";
				CLANG_ENABLE_MODULES = YES;
				CLANG_ENABLE_OBJC_ARC = YES;
				CLANG_WARN_BOOL_CONVERSION = YES;
				CLANG_WARN_CONSTANT_CONVERSION = YES;
				CLANG_WARN_DIRECT_OBJC_ISA_USAGE = YES_ERROR;
				CLANG_WARN_EMPTY_BODY = YES;
				CLANG_WARN_ENUM_CONVERSION = YES;
				CLANG_WARN_INT_CONVERSION = YES;
				CLANG_WARN_OBJC_ROOT_CLASS = YES_ERROR;
				CLANG_WARN_UNREACHABLE_CODE = YES;
				CLANG_WARN__DUPLICATE_METHOD_MATCH = YES;
				"CODE_SIGN_IDENTITY[sdk=iphoneos*]" = "iPhone Developer";
				COPY_PHASE_STRIP = NO;
				DEBUG_INFORMATION_FORMAT = "dwarf-with-dsym";
				ENABLE_STRICT_OBJC_MSGSEND = YES;
				GCC_C_LANGUAGE_STANDARD = gnu99;
				GCC_DYNAMIC_NO_PIC = NO;
				GCC_NO_COMMON_BLOCKS = YES;
				GCC_OPTIMIZATION_LEVEL = 0;
				GCC_PREPROCESSOR_DEFINITIONS = (
					"DEBUG=1",
					"$(inherited)",
				);
				GCC_SYMBOLS_PRIVATE_EXTERN = NO;
				GCC_WARN_64_TO_32_BIT_CONVERSION = YES;
				GCC_WARN_ABOUT_RETURN_TYPE = YES_ERROR;
				GCC_WARN_UNDECLARED_SELECTOR = YES;
				GCC_WARN_UNINITIALIZED_AUTOS = YES_AGGRESSIVE;
				GCC_WARN_UNUSED_FUNCTION = YES;
				GCC_WARN_UNUSED_VARIABLE = YES;
				IPHONEOS_DEPLOYMENT_TARGET = 8.4;
				MTL_ENABLE_DEBUG_INFO = YES;
				ONLY_ACTIVE_ARCH = YES;
				SDKROOT = iphoneos;
			};
			name = Debug;
		};
		728C78371BA4680000A6628E /* Release */ = {
			isa = XCBuildConfiguration;
			buildSettings = {
				ALWAYS_SEARCH_USER_PATHS = NO;
				CLANG_CXX_LANGUAGE_STANDARD = "gnu++0x";
				CLANG_CXX_LIBRARY = "libc++";
				CLANG_ENABLE_MODULES = YES;
				CLANG_ENABLE_OBJC_ARC = YES;
				CLANG_WARN_BOOL_CONVERSION = YES;
				CLANG_WARN_CONSTANT_CONVERSION = YES;
				CLANG_WARN_DIRECT_OBJC_ISA_USAGE = YES_ERROR;
				CLANG_WARN_EMPTY_BODY = YES;
				CLANG_WARN_ENUM_CONVERSION = YES;
				CLANG_WARN_INT_CONVERSION = YES;
				CLANG_WARN_OBJC_ROOT_CLASS = YES_ERROR;
				CLANG_WARN_UNREACHABLE_CODE = YES;
				CLANG_WARN__DUPLICATE_METHOD_MATCH = YES;
				"CODE_SIGN_IDENTITY[sdk=iphoneos*]" = "iPhone Developer";
				COPY_PHASE_STRIP = NO;
				DEBUG_INFORMATION_FORMAT = "dwarf-with-dsym";
				ENABLE_NS_ASSERTIONS = NO;
				ENABLE_STRICT_OBJC_MSGSEND = YES;
				GCC_C_LANGUAGE_STANDARD = gnu99;
				GCC_NO_COMMON_BLOCKS = YES;
				GCC_WARN_64_TO_32_BIT_CONVERSION = YES;
				GCC_WARN_ABOUT_RETURN_TYPE = YES_ERROR;
				GCC_WARN_UNDECLARED_SELECTOR = YES;
				GCC_WARN_UNINITIALIZED_AUTOS = YES_AGGRESSIVE;
				GCC_WARN_UNUSED_FUNCTION = YES;
				GCC_WARN_UNUSED_VARIABLE = YES;
				IPHONEOS_DEPLOYMENT_TARGET = 8.4;
				MTL_ENABLE_DEBUG_INFO = NO;
				SDKROOT = iphoneos;
				VALIDATE_PRODUCT = YES;
			};
			name = Release;
		};
		728C78391BA4680000A6628E /* Debug */ = {
			isa = XCBuildConfiguration;
			buildSettings = {
				ASSETCATALOG_COMPILER_APPICON_NAME = AppIcon;
				INFOPLIST_FILE = ObjectPropertyTest/Info.plist;
				LD_RUNPATH_SEARCH_PATHS = "$(inherited) @executable_path/Frameworks";
				PRODUCT_NAME = "$(TARGET_NAME)";
			};
			name = Debug;
		};
		728C783A1BA4680000A6628E /* Release */ = {
			isa = XCBuildConfiguration;
			buildSettings = {
				ASSETCATALOG_COMPILER_APPICON_NAME = AppIcon;
				INFOPLIST_FILE = ObjectPropertyTest/Info.plist;
				LD_RUNPATH_SEARCH_PATHS = "$(inherited) @executable_path/Frameworks";
				PRODUCT_NAME = "$(TARGET_NAME)";
			};
			name = Release;
		};
		728C783C1BA4680000A6628E /* Debug */ = {
			isa = XCBuildConfiguration;
			buildSettings = {
				BUNDLE_LOADER = "$(TEST_HOST)";
				FRAMEWORK_SEARCH_PATHS = (
					"$(SDKROOT)/Developer/Library/Frameworks",
					"$(inherited)",
				);
				GCC_PREPROCESSOR_DEFINITIONS = (
					"DEBUG=1",
					"$(inherited)",
				);
				INFOPLIST_FILE = ObjectPropertyTestTests/Info.plist;
				LD_RUNPATH_SEARCH_PATHS = "$(inherited) @executable_path/Frameworks @loader_path/Frameworks";
				PRODUCT_NAME = "$(TARGET_NAME)";
				TEST_HOST = "$(BUILT_PRODUCTS_DIR)/ObjectPropertyTest.app/ObjectPropertyTest";
			};
			name = Debug;
		};
		728C783D1BA4680000A6628E /* Release */ = {
			isa = XCBuildConfiguration;
			buildSettings = {
				BUNDLE_LOADER = "$(TEST_HOST)";
				FRAMEWORK_SEARCH_PATHS = (
					"$(SDKROOT)/Developer/Library/Frameworks",
					"$(inherited)",
				);
				INFOPLIST_FILE = ObjectPropertyTestTests/Info.plist;
				LD_RUNPATH_SEARCH_PATHS = "$(inherited) @executable_path/Frameworks @loader_path/Frameworks";
				PRODUCT_NAME = "$(TARGET_NAME)";
				TEST_HOST = "$(BUILT_PRODUCTS_DIR)/ObjectPropertyTest.app/ObjectPropertyTest";
			};
			name = Release;
		};
/* End XCBuildConfiguration section */

/* Begin XCConfigurationList section */
		728C78101BA4680000A6628E /* Build configuration list for PBXProject "ObjectPropertyTest" */ = {
			isa = XCConfigurationList;
			buildConfigurations = (
				728C78361BA4680000A6628E /* Debug */,
				728C78371BA4680000A6628E /* Release */,
			);
			defaultConfigurationIsVisible = 0;
			defaultConfigurationName = Release;
		};
		728C78381BA4680000A6628E /* Build configuration list for PBXNativeTarget "ObjectPropertyTest" */ = {
			isa = XCConfigurationList;
			buildConfigurations = (
				728C78391BA4680000A6628E /* Debug */,
				728C783A1BA4680000A6628E /* Release */,
			);
			defaultConfigurationIsVisible = 0;
		};
		728C783B1BA4680000A6628E /* Build configuration list for PBXNativeTarget "ObjectPropertyTestTests" */ = {
			isa = XCConfigurationList;
			buildConfigurations = (
				728C783C1BA4680000A6628E /* Debug */,
				728C783D1BA4680000A6628E /* Release */,
			);
			defaultConfigurationIsVisible = 0;
		};
/* End XCConfigurationList section */
	};
	rootObject = 728C780D1BA4680000A6628E /* Project object */;
}
